
Microsoft Visual Studio Solution File, Format Version 11.00
# Visual Studio 2010
Project("{FAE04EC0-301F-11D3-BF4B-00C04F79EFBC}") = "Bridge", "Bridge\Bridge.csproj", "{08B57D00-9C19-4C5F-8106-F67A538D61A2}"
EndProject
Project("{FAE04EC0-301F-11D3-BF4B-00C04F79EFBC}") = "Composite", "Composite\Composite.csproj", "{BFC2C26D-CE77-4880-BE58-DB90D59D1968}"
EndProject
Project("{FAE04EC0-301F-11D3-BF4B-00C04F79EFBC}") = "Decorator", "Decorator\Decorator.csproj", "{54745FE7-1914-4A2C-967D-F73912E66530}"
EndProject
Project("{FAE04EC0-301F-11D3-BF4B-00C04F79EFBC}") = "Facade", "Facade\Facade.csproj", "{12DF599B-29B3-44E6-AA5E-16C54B97E668}"
EndProject
Project("{FAE04EC0-301F-11D3-BF4B-00C04F79EFBC}") = "Proxy", "Proxy\Proxy.csproj", "{DB4029EF-65C1-49D9-BCE8-9CE8D5A5CD4C}"
EndProject
Project("{FAE04EC0-301F-11D3-BF4B-00C04F79EFBC}") = "Adapter", "Adapter\Adapter.csproj", "{16FF4F4C-2340-47B0-A50D-76EF24071E8B}"
EndProject
Project("{FAE04EC0-301F-11D3-BF4B-00C04F79EFBC}") = "Flyweight", "Flyweight\Flyweight.csproj", "{BAD41F32-2107-4B63-B7C4-E915AFE4AEEB}"
EndProject
Project("{2150E333-8FDC-42A3-9474-1A3956D46DE8}") = "Estruturais", "Estruturais", "{F0E6928E-C29F-46E3-B96A-86D91987CAF8}"
EndProject
Project("{FAE04EC0-301F-11D3-BF4B-00C04F79EFBC}") = "Strategy", "Strategy\Strategy.csproj", "{F5ADD995-CE81-4187-8C6F-9EA8EFD43E01}"
EndProject
Project("{2150E333-8FDC-42A3-9474-1A3956D46DE8}") = "Comportamentais", "Comportamentais", "{2DF9426A-67DE-4EE1-A32A-DC2EA4DBC182}"
EndProject
Project("{FAE04EC0-301F-11D3-BF4B-00C04F79EFBC}") = "Observer", "Observer\Observer.csproj", "{F5D6F43B-2DA6-44BC-883A-A8DBC16FF977}"
EndProject
Project("{FAE04EC0-301F-11D3-BF4B-00C04F79EFBC}") = "Iterator", "Iterator\Iterator.csproj", "{E21B51D0-024F-4902-8D8C-59EAD5ECE9F7}"
EndProject
Project("{FAE04EC0-301F-11D3-BF4B-00C04F79EFBC}") = "Command", "Command\Command.csproj", "{81DCC77C-EB6B-4A93-A8A2-2D105F99CE12}"
EndProject
Project("{FAE04EC0-301F-11D3-BF4B-00C04F79EFBC}") = "State", "State\State.csproj", "{876785BB-CEAB-4AEF-B836-11743FD6DC8B}"
EndProject
Project("{FAE04EC0-301F-11D3-BF4B-00C04F79EFBC}") = "ChainOfResponsability", "ChainOfResponsability\ChainOfResponsability.csproj", "{17BBBA14-BB0B-43C0-8057-8DA4B73C614F}"
EndProject
Project("{FAE04EC0-301F-11D3-BF4B-00C04F79EFBC}") = "Mediator", "Mediator\Mediator.csproj", "{945830BA-B3BB-4F7A-A47A-7468D5317B2F}"
EndProject
Project("{FAE04EC0-301F-11D3-BF4B-00C04F79EFBC}") = "Memento", "Memento\Memento.csproj", "{BBE527F4-C5A2-40F9-B8EF-2A961746D69E}"
EndProject
Project("{2150E333-8FDC-42A3-9474-1A3956D46DE8}") = "Criacionais", "Criacionais", "{258F330C-BE23-4A00-BA80-A9EC393F37A3}"
EndProject
Project("{FAE04EC0-301F-11D3-BF4B-00C04F79EFBC}") = "FactoryMethod", "FactoryMethod\FactoryMethod.csproj", "{39731285-AAC4-4B1A-9FFB-C39EA7F20C41}"
EndProject
Project("{FAE04EC0-301F-11D3-BF4B-00C04F79EFBC}") = "AbstractFactory", "AbstractFactory\AbstractFactory.csproj", "{5BF82832-2501-4626-9AF6-600007C42986}"
EndProject
Project("{FAE04EC0-301F-11D3-BF4B-00C04F79EFBC}") = "Builder", "Builder\Builder.csproj", "{E9BD638D-FB3F-460D-BBE8-87CAC1AD7C37}"
EndProject
Project("{FAE04EC0-301F-11D3-BF4B-00C04F79EFBC}") = "Singleton", "Singleton\Singleton.csproj", "{F036C2F7-B584-42ED-AE74-C67B12275795}"
EndProject
Project("{FAE04EC0-301F-11D3-BF4B-00C04F79EFBC}") = "Prototype", "Prototype\Prototype.csproj", "{0F9F3736-7145-42F6-AE75-D54E75C92E66}"
EndProject
Project("{FAE04EC0-301F-11D3-BF4B-00C04F79EFBC}") = "Visitor", "Visitor\Visitor.csproj", "{D4F64BA7-F1ED-431C-8D4E-35C4094286EE}"
EndProject
Project("{FAE04EC0-301F-11D3-BF4B-00C04F79EFBC}") = "Interpreter", "Interpreter\Interpreter.csproj", "{A65B7366-70A1-4350-87E7-5F5C56E49C6C}"
EndProject
Project("{FAE04EC0-301F-11D3-BF4B-00C04F79EFBC}") = "TemplateMethod", "TemplateMethod\TemplateMethod.csproj", "{FC1EF39D-211F-4FBF-84ED-47225B068567}"
EndProject
Global
	GlobalSection(SolutionConfigurationPlatforms) = preSolution
		Debug|Any CPU = Debug|Any CPU
		Debug|Mixed Platforms = Debug|Mixed Platforms
		Debug|x86 = Debug|x86
		Release|Any CPU = Release|Any CPU
		Release|Mixed Platforms = Release|Mixed Platforms
		Release|x86 = Release|x86
	EndGlobalSection
	GlobalSection(ProjectConfigurationPlatforms) = postSolution
		{08B57D00-9C19-4C5F-8106-F67A538D61A2}.Debug|Any CPU.ActiveCfg = Debug|x86
		{08B57D00-9C19-4C5F-8106-F67A538D61A2}.Debug|Mixed Platforms.ActiveCfg = Debug|x86
		{08B57D00-9C19-4C5F-8106-F67A538D61A2}.Debug|Mixed Platforms.Build.0 = Debug|x86
		{08B57D00-9C19-4C5F-8106-F67A538D61A2}.Debug|x86.ActiveCfg = Debug|x86
		{08B57D00-9C19-4C5F-8106-F67A538D61A2}.Debug|x86.Build.0 = Debug|x86
		{08B57D00-9C19-4C5F-8106-F67A538D61A2}.Release|Any CPU.ActiveCfg = Release|x86
		{08B57D00-9C19-4C5F-8106-F67A538D61A2}.Release|Mixed Platforms.ActiveCfg = Release|x86
		{08B57D00-9C19-4C5F-8106-F67A538D61A2}.Release|Mixed Platforms.Build.0 = Release|x86
		{08B57D00-9C19-4C5F-8106-F67A538D61A2}.Release|x86.ActiveCfg = Release|x86
		{08B57D00-9C19-4C5F-8106-F67A538D61A2}.Release|x86.Build.0 = Release|x86
		{BFC2C26D-CE77-4880-BE58-DB90D59D1968}.Debug|Any CPU.ActiveCfg = Debug|x86
		{BFC2C26D-CE77-4880-BE58-DB90D59D1968}.Debug|Mixed Platforms.ActiveCfg = Debug|x86
		{BFC2C26D-CE77-4880-BE58-DB90D59D1968}.Debug|Mixed Platforms.Build.0 = Debug|x86
		{BFC2C26D-CE77-4880-BE58-DB90D59D1968}.Debug|x86.ActiveCfg = Debug|x86
		{BFC2C26D-CE77-4880-BE58-DB90D59D1968}.Debug|x86.Build.0 = Debug|x86
		{BFC2C26D-CE77-4880-BE58-DB90D59D1968}.Release|Any CPU.ActiveCfg = Release|x86
		{BFC2C26D-CE77-4880-BE58-DB90D59D1968}.Release|Mixed Platforms.ActiveCfg = Release|x86
		{BFC2C26D-CE77-4880-BE58-DB90D59D1968}.Release|Mixed Platforms.Build.0 = Release|x86
		{BFC2C26D-CE77-4880-BE58-DB90D59D1968}.Release|x86.ActiveCfg = Release|x86
		{BFC2C26D-CE77-4880-BE58-DB90D59D1968}.Release|x86.Build.0 = Release|x86
		{54745FE7-1914-4A2C-967D-F73912E66530}.Debug|Any CPU.ActiveCfg = Debug|x86
		{54745FE7-1914-4A2C-967D-F73912E66530}.Debug|Mixed Platforms.ActiveCfg = Debug|x86
		{54745FE7-1914-4A2C-967D-F73912E66530}.Debug|Mixed Platforms.Build.0 = Debug|x86
		{54745FE7-1914-4A2C-967D-F73912E66530}.Debug|x86.ActiveCfg = Debug|x86
		{54745FE7-1914-4A2C-967D-F73912E66530}.Debug|x86.Build.0 = Debug|x86
		{54745FE7-1914-4A2C-967D-F73912E66530}.Release|Any CPU.ActiveCfg = Release|x86
		{54745FE7-1914-4A2C-967D-F73912E66530}.Release|Mixed Platforms.ActiveCfg = Release|x86
		{54745FE7-1914-4A2C-967D-F73912E66530}.Release|Mixed Platforms.Build.0 = Release|x86
		{54745FE7-1914-4A2C-967D-F73912E66530}.Release|x86.ActiveCfg = Release|x86
		{54745FE7-1914-4A2C-967D-F73912E66530}.Release|x86.Build.0 = Release|x86
		{12DF599B-29B3-44E6-AA5E-16C54B97E668}.Debug|Any CPU.ActiveCfg = Debug|x86
		{12DF599B-29B3-44E6-AA5E-16C54B97E668}.Debug|Mixed Platforms.ActiveCfg = Debug|x86
		{12DF599B-29B3-44E6-AA5E-16C54B97E668}.Debug|Mixed Platforms.Build.0 = Debug|x86
		{12DF599B-29B3-44E6-AA5E-16C54B97E668}.Debug|x86.ActiveCfg = Debug|x86
		{12DF599B-29B3-44E6-AA5E-16C54B97E668}.Debug|x86.Build.0 = Debug|x86
		{12DF599B-29B3-44E6-AA5E-16C54B97E668}.Release|Any CPU.ActiveCfg = Release|x86
		{12DF599B-29B3-44E6-AA5E-16C54B97E668}.Release|Mixed Platforms.ActiveCfg = Release|x86
		{12DF599B-29B3-44E6-AA5E-16C54B97E668}.Release|Mixed Platforms.Build.0 = Release|x86
		{12DF599B-29B3-44E6-AA5E-16C54B97E668}.Release|x86.ActiveCfg = Release|x86
		{12DF599B-29B3-44E6-AA5E-16C54B97E668}.Release|x86.Build.0 = Release|x86
		{DB4029EF-65C1-49D9-BCE8-9CE8D5A5CD4C}.Debug|Any CPU.ActiveCfg = Debug|x86
		{DB4029EF-65C1-49D9-BCE8-9CE8D5A5CD4C}.Debug|Mixed Platforms.ActiveCfg = Debug|x86
		{DB4029EF-65C1-49D9-BCE8-9CE8D5A5CD4C}.Debug|Mixed Platforms.Build.0 = Debug|x86
		{DB4029EF-65C1-49D9-BCE8-9CE8D5A5CD4C}.Debug|x86.ActiveCfg = Debug|x86
		{DB4029EF-65C1-49D9-BCE8-9CE8D5A5CD4C}.Debug|x86.Build.0 = Debug|x86
		{DB4029EF-65C1-49D9-BCE8-9CE8D5A5CD4C}.Release|Any CPU.ActiveCfg = Release|x86
		{DB4029EF-65C1-49D9-BCE8-9CE8D5A5CD4C}.Release|Mixed Platforms.ActiveCfg = Release|x86
		{DB4029EF-65C1-49D9-BCE8-9CE8D5A5CD4C}.Release|Mixed Platforms.Build.0 = Release|x86
		{DB4029EF-65C1-49D9-BCE8-9CE8D5A5CD4C}.Release|x86.ActiveCfg = Release|x86
		{DB4029EF-65C1-49D9-BCE8-9CE8D5A5CD4C}.Release|x86.Build.0 = Release|x86
		{16FF4F4C-2340-47B0-A50D-76EF24071E8B}.Debug|Any CPU.ActiveCfg = Debug|x86
		{16FF4F4C-2340-47B0-A50D-76EF24071E8B}.Debug|Mixed Platforms.ActiveCfg = Debug|x86
		{16FF4F4C-2340-47B0-A50D-76EF24071E8B}.Debug|Mixed Platforms.Build.0 = Debug|x86
		{16FF4F4C-2340-47B0-A50D-76EF24071E8B}.Debug|x86.ActiveCfg = Debug|x86
		{16FF4F4C-2340-47B0-A50D-76EF24071E8B}.Debug|x86.Build.0 = Debug|x86
		{16FF4F4C-2340-47B0-A50D-76EF24071E8B}.Release|Any CPU.ActiveCfg = Release|x86
		{16FF4F4C-2340-47B0-A50D-76EF24071E8B}.Release|Mixed Platforms.ActiveCfg = Release|x86
		{16FF4F4C-2340-47B0-A50D-76EF24071E8B}.Release|Mixed Platforms.Build.0 = Release|x86
		{16FF4F4C-2340-47B0-A50D-76EF24071E8B}.Release|x86.ActiveCfg = Release|x86
		{16FF4F4C-2340-47B0-A50D-76EF24071E8B}.Release|x86.Build.0 = Release|x86
		{BAD41F32-2107-4B63-B7C4-E915AFE4AEEB}.Debug|Any CPU.ActiveCfg = Debug|x86
		{BAD41F32-2107-4B63-B7C4-E915AFE4AEEB}.Debug|Mixed Platforms.ActiveCfg = Debug|x86
		{BAD41F32-2107-4B63-B7C4-E915AFE4AEEB}.Debug|Mixed Platforms.Build.0 = Debug|x86
		{BAD41F32-2107-4B63-B7C4-E915AFE4AEEB}.Debug|x86.ActiveCfg = Debug|x86
		{BAD41F32-2107-4B63-B7C4-E915AFE4AEEB}.Debug|x86.Build.0 = Debug|x86
		{BAD41F32-2107-4B63-B7C4-E915AFE4AEEB}.Release|Any CPU.ActiveCfg = Release|x86
		{BAD41F32-2107-4B63-B7C4-E915AFE4AEEB}.Release|Mixed Platforms.ActiveCfg = Release|x86
		{BAD41F32-2107-4B63-B7C4-E915AFE4AEEB}.Release|Mixed Platforms.Build.0 = Release|x86
		{BAD41F32-2107-4B63-B7C4-E915AFE4AEEB}.Release|x86.ActiveCfg = Release|x86
		{BAD41F32-2107-4B63-B7C4-E915AFE4AEEB}.Release|x86.Build.0 = Release|x86
		{F5ADD995-CE81-4187-8C6F-9EA8EFD43E01}.Debug|Any CPU.ActiveCfg = Debug|x86
		{F5ADD995-CE81-4187-8C6F-9EA8EFD43E01}.Debug|Mixed Platforms.ActiveCfg = Debug|x86
		{F5ADD995-CE81-4187-8C6F-9EA8EFD43E01}.Debug|Mixed Platforms.Build.0 = Debug|x86
		{F5ADD995-CE81-4187-8C6F-9EA8EFD43E01}.Debug|x86.ActiveCfg = Debug|x86
		{F5ADD995-CE81-4187-8C6F-9EA8EFD43E01}.Debug|x86.Build.0 = Debug|x86
		{F5ADD995-CE81-4187-8C6F-9EA8EFD43E01}.Release|Any CPU.ActiveCfg = Release|x86
		{F5ADD995-CE81-4187-8C6F-9EA8EFD43E01}.Release|Mixed Platforms.ActiveCfg = Release|x86
		{F5ADD995-CE81-4187-8C6F-9EA8EFD43E01}.Release|Mixed Platforms.Build.0 = Release|x86
		{F5ADD995-CE81-4187-8C6F-9EA8EFD43E01}.Release|x86.ActiveCfg = Release|x86
		{F5ADD995-CE81-4187-8C6F-9EA8EFD43E01}.Release|x86.Build.0 = Release|x86
		{F5D6F43B-2DA6-44BC-883A-A8DBC16FF977}.Debug|Any CPU.ActiveCfg = Debug|x86
		{F5D6F43B-2DA6-44BC-883A-A8DBC16FF977}.Debug|Mixed Platforms.ActiveCfg = Debug|x86
		{F5D6F43B-2DA6-44BC-883A-A8DBC16FF977}.Debug|Mixed Platforms.Build.0 = Debug|x86
		{F5D6F43B-2DA6-44BC-883A-A8DBC16FF977}.Debug|x86.ActiveCfg = Debug|x86
		{F5D6F43B-2DA6-44BC-883A-A8DBC16FF977}.Debug|x86.Build.0 = Debug|x86
		{F5D6F43B-2DA6-44BC-883A-A8DBC16FF977}.Release|Any CPU.ActiveCfg = Release|x86
		{F5D6F43B-2DA6-44BC-883A-A8DBC16FF977}.Release|Mixed Platforms.ActiveCfg = Release|x86
		{F5D6F43B-2DA6-44BC-883A-A8DBC16FF977}.Release|Mixed Platforms.Build.0 = Release|x86
		{F5D6F43B-2DA6-44BC-883A-A8DBC16FF977}.Release|x86.ActiveCfg = Release|x86
		{F5D6F43B-2DA6-44BC-883A-A8DBC16FF977}.Release|x86.Build.0 = Release|x86
		{E21B51D0-024F-4902-8D8C-59EAD5ECE9F7}.Debug|Any CPU.ActiveCfg = Debug|x86
		{E21B51D0-024F-4902-8D8C-59EAD5ECE9F7}.Debug|Mixed Platforms.ActiveCfg = Debug|x86
		{E21B51D0-024F-4902-8D8C-59EAD5ECE9F7}.Debug|Mixed Platforms.Build.0 = Debug|x86
		{E21B51D0-024F-4902-8D8C-59EAD5ECE9F7}.Debug|x86.ActiveCfg = Debug|x86
		{E21B51D0-024F-4902-8D8C-59EAD5ECE9F7}.Debug|x86.Build.0 = Debug|x86
		{E21B51D0-024F-4902-8D8C-59EAD5ECE9F7}.Release|Any CPU.ActiveCfg = Release|x86
		{E21B51D0-024F-4902-8D8C-59EAD5ECE9F7}.Release|Mixed Platforms.ActiveCfg = Release|x86
		{E21B51D0-024F-4902-8D8C-59EAD5ECE9F7}.Release|Mixed Platforms.Build.0 = Release|x86
		{E21B51D0-024F-4902-8D8C-59EAD5ECE9F7}.Release|x86.ActiveCfg = Release|x86
		{E21B51D0-024F-4902-8D8C-59EAD5ECE9F7}.Release|x86.Build.0 = Release|x86
		{81DCC77C-EB6B-4A93-A8A2-2D105F99CE12}.Debug|Any CPU.ActiveCfg = Debug|x86
		{81DCC77C-EB6B-4A93-A8A2-2D105F99CE12}.Debug|Mixed Platforms.ActiveCfg = Debug|x86
		{81DCC77C-EB6B-4A93-A8A2-2D105F99CE12}.Debug|Mixed Platforms.Build.0 = Debug|x86
		{81DCC77C-EB6B-4A93-A8A2-2D105F99CE12}.Debug|x86.ActiveCfg = Debug|x86
		{81DCC77C-EB6B-4A93-A8A2-2D105F99CE12}.Debug|x86.Build.0 = Debug|x86
		{81DCC77C-EB6B-4A93-A8A2-2D105F99CE12}.Release|Any CPU.ActiveCfg = Release|x86
		{81DCC77C-EB6B-4A93-A8A2-2D105F99CE12}.Release|Mixed Platforms.ActiveCfg = Release|x86
		{81DCC77C-EB6B-4A93-A8A2-2D105F99CE12}.Release|Mixed Platforms.Build.0 = Release|x86
		{81DCC77C-EB6B-4A93-A8A2-2D105F99CE12}.Release|x86.ActiveCfg = Release|x86
		{81DCC77C-EB6B-4A93-A8A2-2D105F99CE12}.Release|x86.Build.0 = Release|x86
		{876785BB-CEAB-4AEF-B836-11743FD6DC8B}.Debug|Any CPU.ActiveCfg = Debug|x86
		{876785BB-CEAB-4AEF-B836-11743FD6DC8B}.Debug|Mixed Platforms.ActiveCfg = Debug|x86
		{876785BB-CEAB-4AEF-B836-11743FD6DC8B}.Debug|Mixed Platforms.Build.0 = Debug|x86
		{876785BB-CEAB-4AEF-B836-11743FD6DC8B}.Debug|x86.ActiveCfg = Debug|x86
		{876785BB-CEAB-4AEF-B836-11743FD6DC8B}.Debug|x86.Build.0 = Debug|x86
		{876785BB-CEAB-4AEF-B836-11743FD6DC8B}.Release|Any CPU.ActiveCfg = Release|x86
		{876785BB-CEAB-4AEF-B836-11743FD6DC8B}.Release|Mixed Platforms.ActiveCfg = Release|x86
		{876785BB-CEAB-4AEF-B836-11743FD6DC8B}.Release|Mixed Platforms.Build.0 = Release|x86
		{876785BB-CEAB-4AEF-B836-11743FD6DC8B}.Release|x86.ActiveCfg = Release|x86
		{876785BB-CEAB-4AEF-B836-11743FD6DC8B}.Release|x86.Build.0 = Release|x86
		{17BBBA14-BB0B-43C0-8057-8DA4B73C614F}.Debug|Any CPU.ActiveCfg = Debug|Any CPU
		{17BBBA14-BB0B-43C0-8057-8DA4B73C614F}.Debug|Any CPU.Build.0 = Debug|Any CPU
		{17BBBA14-BB0B-43C0-8057-8DA4B73C614F}.Debug|Mixed Platforms.ActiveCfg = Debug|Any CPU
		{17BBBA14-BB0B-43C0-8057-8DA4B73C614F}.Debug|Mixed Platforms.Build.0 = Debug|Any CPU
		{17BBBA14-BB0B-43C0-8057-8DA4B73C614F}.Debug|x86.ActiveCfg = Debug|Any CPU
		{17BBBA14-BB0B-43C0-8057-8DA4B73C614F}.Release|Any CPU.ActiveCfg = Release|Any CPU
		{17BBBA14-BB0B-43C0-8057-8DA4B73C614F}.Release|Any CPU.Build.0 = Release|Any CPU
		{17BBBA14-BB0B-43C0-8057-8DA4B73C614F}.Release|Mixed Platforms.ActiveCfg = Release|Any CPU
		{17BBBA14-BB0B-43C0-8057-8DA4B73C614F}.Release|Mixed Platforms.Build.0 = Release|Any CPU
		{17BBBA14-BB0B-43C0-8057-8DA4B73C614F}.Release|x86.ActiveCfg = Release|Any CPU
		{945830BA-B3BB-4F7A-A47A-7468D5317B2F}.Debug|Any CPU.ActiveCfg = Debug|x86
		{945830BA-B3BB-4F7A-A47A-7468D5317B2F}.Debug|Mixed Platforms.ActiveCfg = Debug|x86
		{945830BA-B3BB-4F7A-A47A-7468D5317B2F}.Debug|Mixed Platforms.Build.0 = Debug|x86
		{945830BA-B3BB-4F7A-A47A-7468D5317B2F}.Debug|x86.ActiveCfg = Debug|x86
		{945830BA-B3BB-4F7A-A47A-7468D5317B2F}.Debug|x86.Build.0 = Debug|x86
		{945830BA-B3BB-4F7A-A47A-7468D5317B2F}.Release|Any CPU.ActiveCfg = Release|x86
		{945830BA-B3BB-4F7A-A47A-7468D5317B2F}.Release|Mixed Platforms.ActiveCfg = Release|x86
		{945830BA-B3BB-4F7A-A47A-7468D5317B2F}.Release|Mixed Platforms.Build.0 = Release|x86
		{945830BA-B3BB-4F7A-A47A-7468D5317B2F}.Release|x86.ActiveCfg = Release|x86
		{945830BA-B3BB-4F7A-A47A-7468D5317B2F}.Release|x86.Build.0 = Release|x86
		{BBE527F4-C5A2-40F9-B8EF-2A961746D69E}.Debug|Any CPU.ActiveCfg = Debug|x86
		{BBE527F4-C5A2-40F9-B8EF-2A961746D69E}.Debug|Mixed Platforms.ActiveCfg = Debug|x86
		{BBE527F4-C5A2-40F9-B8EF-2A961746D69E}.Debug|Mixed Platforms.Build.0 = Debug|x86
		{BBE527F4-C5A2-40F9-B8EF-2A961746D69E}.Debug|x86.ActiveCfg = Debug|x86
		{BBE527F4-C5A2-40F9-B8EF-2A961746D69E}.Debug|x86.Build.0 = Debug|x86
		{BBE527F4-C5A2-40F9-B8EF-2A961746D69E}.Release|Any CPU.ActiveCfg = Release|x86
		{BBE527F4-C5A2-40F9-B8EF-2A961746D69E}.Release|Mixed Platforms.ActiveCfg = Release|x86
		{BBE527F4-C5A2-40F9-B8EF-2A961746D69E}.Release|Mixed Platforms.Build.0 = Release|x86
		{BBE527F4-C5A2-40F9-B8EF-2A961746D69E}.Release|x86.ActiveCfg = Release|x86
		{BBE527F4-C5A2-40F9-B8EF-2A961746D69E}.Release|x86.Build.0 = Release|x86
		{39731285-AAC4-4B1A-9FFB-C39EA7F20C41}.Debug|Any CPU.ActiveCfg = Debug|x86
		{39731285-AAC4-4B1A-9FFB-C39EA7F20C41}.Debug|Mixed Platforms.ActiveCfg = Debug|x86
		{39731285-AAC4-4B1A-9FFB-C39EA7F20C41}.Debug|Mixed Platforms.Build.0 = Debug|x86
		{39731285-AAC4-4B1A-9FFB-C39EA7F20C41}.Debug|x86.ActiveCfg = Debug|x86
		{39731285-AAC4-4B1A-9FFB-C39EA7F20C41}.Debug|x86.Build.0 = Debug|x86
		{39731285-AAC4-4B1A-9FFB-C39EA7F20C41}.Release|Any CPU.ActiveCfg = Release|x86
		{39731285-AAC4-4B1A-9FFB-C39EA7F20C41}.Release|Mixed Platforms.ActiveCfg = Release|x86
		{39731285-AAC4-4B1A-9FFB-C39EA7F20C41}.Release|Mixed Platforms.Build.0 = Release|x86
		{39731285-AAC4-4B1A-9FFB-C39EA7F20C41}.Release|x86.ActiveCfg = Release|x86
		{39731285-AAC4-4B1A-9FFB-C39EA7F20C41}.Release|x86.Build.0 = Release|x86
		{5BF82832-2501-4626-9AF6-600007C42986}.Debug|Any CPU.ActiveCfg = Debug|x86
		{5BF82832-2501-4626-9AF6-600007C42986}.Debug|Mixed Platforms.ActiveCfg = Debug|x86
		{5BF82832-2501-4626-9AF6-600007C42986}.Debug|Mixed Platforms.Build.0 = Debug|x86
		{5BF82832-2501-4626-9AF6-600007C42986}.Debug|x86.ActiveCfg = Debug|x86
		{5BF82832-2501-4626-9AF6-600007C42986}.Debug|x86.Build.0 = Debug|x86
		{5BF82832-2501-4626-9AF6-600007C42986}.Release|Any CPU.ActiveCfg = Release|x86
		{5BF82832-2501-4626-9AF6-600007C42986}.Release|Mixed Platforms.ActiveCfg = Release|x86
		{5BF82832-2501-4626-9AF6-600007C42986}.Release|Mixed Platforms.Build.0 = Release|x86
		{5BF82832-2501-4626-9AF6-600007C42986}.Release|x86.ActiveCfg = Release|x86
		{5BF82832-2501-4626-9AF6-600007C42986}.Release|x86.Build.0 = Release|x86
		{E9BD638D-FB3F-460D-BBE8-87CAC1AD7C37}.Debug|Any CPU.ActiveCfg = Debug|x86
		{E9BD638D-FB3F-460D-BBE8-87CAC1AD7C37}.Debug|Mixed Platforms.ActiveCfg = Debug|x86
		{E9BD638D-FB3F-460D-BBE8-87CAC1AD7C37}.Debug|Mixed Platforms.Build.0 = Debug|x86
		{E9BD638D-FB3F-460D-BBE8-87CAC1AD7C37}.Debug|x86.ActiveCfg = Debug|x86
		{E9BD638D-FB3F-460D-BBE8-87CAC1AD7C37}.Debug|x86.Build.0 = Debug|x86
		{E9BD638D-FB3F-460D-BBE8-87CAC1AD7C37}.Release|Any CPU.ActiveCfg = Release|x86
		{E9BD638D-FB3F-460D-BBE8-87CAC1AD7C37}.Release|Mixed Platforms.ActiveCfg = Release|x86
		{E9BD638D-FB3F-460D-BBE8-87CAC1AD7C37}.Release|Mixed Platforms.Build.0 = Release|x86
		{E9BD638D-FB3F-460D-BBE8-87CAC1AD7C37}.Release|x86.ActiveCfg = Release|x86
		{E9BD638D-FB3F-460D-BBE8-87CAC1AD7C37}.Release|x86.Build.0 = Release|x86
		{F036C2F7-B584-42ED-AE74-C67B12275795}.Debug|Any CPU.ActiveCfg = Debug|x86
		{F036C2F7-B584-42ED-AE74-C67B12275795}.Debug|Mixed Platforms.ActiveCfg = Debug|x86
		{F036C2F7-B584-42ED-AE74-C67B12275795}.Debug|Mixed Platforms.Build.0 = Debug|x86
		{F036C2F7-B584-42ED-AE74-C67B12275795}.Debug|x86.ActiveCfg = Debug|x86
		{F036C2F7-B584-42ED-AE74-C67B12275795}.Debug|x86.Build.0 = Debug|x86
		{F036C2F7-B584-42ED-AE74-C67B12275795}.Release|Any CPU.ActiveCfg = Release|x86
		{F036C2F7-B584-42ED-AE74-C67B12275795}.Release|Mixed Platforms.ActiveCfg = Release|x86
		{F036C2F7-B584-42ED-AE74-C67B12275795}.Release|Mixed Platforms.Build.0 = Release|x86
		{F036C2F7-B584-42ED-AE74-C67B12275795}.Release|x86.ActiveCfg = Release|x86
		{F036C2F7-B584-42ED-AE74-C67B12275795}.Release|x86.Build.0 = Release|x86
		{0F9F3736-7145-42F6-AE75-D54E75C92E66}.Debug|Any CPU.ActiveCfg = Debug|x86
		{0F9F3736-7145-42F6-AE75-D54E75C92E66}.Debug|Mixed Platforms.ActiveCfg = Debug|x86
		{0F9F3736-7145-42F6-AE75-D54E75C92E66}.Debug|Mixed Platforms.Build.0 = Debug|x86
		{0F9F3736-7145-42F6-AE75-D54E75C92E66}.Debug|x86.ActiveCfg = Debug|x86
		{0F9F3736-7145-42F6-AE75-D54E75C92E66}.Debug|x86.Build.0 = Debug|x86
		{0F9F3736-7145-42F6-AE75-D54E75C92E66}.Release|Any CPU.ActiveCfg = Release|x86
		{0F9F3736-7145-42F6-AE75-D54E75C92E66}.Release|Mixed Platforms.ActiveCfg = Release|x86
		{0F9F3736-7145-42F6-AE75-D54E75C92E66}.Release|Mixed Platforms.Build.0 = Release|x86
		{0F9F3736-7145-42F6-AE75-D54E75C92E66}.Release|x86.ActiveCfg = Release|x86
		{0F9F3736-7145-42F6-AE75-D54E75C92E66}.Release|x86.Build.0 = Release|x86
		{D4F64BA7-F1ED-431C-8D4E-35C4094286EE}.Debug|Any CPU.ActiveCfg = Debug|x86
		{D4F64BA7-F1ED-431C-8D4E-35C4094286EE}.Debug|Mixed Platforms.ActiveCfg = Debug|x86
		{D4F64BA7-F1ED-431C-8D4E-35C4094286EE}.Debug|Mixed Platforms.Build.0 = Debug|x86
		{D4F64BA7-F1ED-431C-8D4E-35C4094286EE}.Debug|x86.ActiveCfg = Debug|x86
		{D4F64BA7-F1ED-431C-8D4E-35C4094286EE}.Debug|x86.Build.0 = Debug|x86
		{D4F64BA7-F1ED-431C-8D4E-35C4094286EE}.Release|Any CPU.ActiveCfg = Release|x86
		{D4F64BA7-F1ED-431C-8D4E-35C4094286EE}.Release|Mixed Platforms.ActiveCfg = Release|x86
		{D4F64BA7-F1ED-431C-8D4E-35C4094286EE}.Release|Mixed Platforms.Build.0 = Release|x86
		{D4F64BA7-F1ED-431C-8D4E-35C4094286EE}.Release|x86.ActiveCfg = Release|x86
		{D4F64BA7-F1ED-431C-8D4E-35C4094286EE}.Release|x86.Build.0 = Release|x86
		{A65B7366-70A1-4350-87E7-5F5C56E49C6C}.Debug|Any CPU.ActiveCfg = Debug|x86
		{A65B7366-70A1-4350-87E7-5F5C56E49C6C}.Debug|Mixed Platforms.ActiveCfg = Debug|x86
		{A65B7366-70A1-4350-87E7-5F5C56E49C6C}.Debug|Mixed Platforms.Build.0 = Debug|x86
		{A65B7366-70A1-4350-87E7-5F5C56E49C6C}.Debug|x86.ActiveCfg = Debug|x86
		{A65B7366-70A1-4350-87E7-5F5C56E49C6C}.Debug|x86.Build.0 = Debug|x86
		{A65B7366-70A1-4350-87E7-5F5C56E49C6C}.Release|Any CPU.ActiveCfg = Release|x86
		{A65B7366-70A1-4350-87E7-5F5C56E49C6C}.Release|Mixed Platforms.ActiveCfg = Release|x86
		{A65B7366-70A1-4350-87E7-5F5C56E49C6C}.Release|Mixed Platforms.Build.0 = Release|x86
		{A65B7366-70A1-4350-87E7-5F5C56E49C6C}.Release|x86.ActiveCfg = Release|x86
		{A65B7366-70A1-4350-87E7-5F5C56E49C6C}.Release|x86.Build.0 = Release|x86
		{FC1EF39D-211F-4FBF-84ED-47225B068567}.Debug|Any CPU.ActiveCfg = Debug|x86
		{FC1EF39D-211F-4FBF-84ED-47225B068567}.Debug|Mixed Platforms.ActiveCfg = Debug|x86
		{FC1EF39D-211F-4FBF-84ED-47225B068567}.Debug|Mixed Platforms.Build.0 = Debug|x86
		{FC1EF39D-211F-4FBF-84ED-47225B068567}.Debug|x86.ActiveCfg = Debug|x86
		{FC1EF39D-211F-4FBF-84ED-47225B068567}.Debug|x86.Build.0 = Debug|x86
		{FC1EF39D-211F-4FBF-84ED-47225B068567}.Release|Any CPU.ActiveCfg = Release|x86
		{FC1EF39D-211F-4FBF-84ED-47225B068567}.Release|Mixed Platforms.ActiveCfg = Release|x86
		{FC1EF39D-211F-4FBF-84ED-47225B068567}.Release|Mixed Platforms.Build.0 = Release|x86
		{FC1EF39D-211F-4FBF-84ED-47225B068567}.Release|x86.ActiveCfg = Release|x86
		{FC1EF39D-211F-4FBF-84ED-47225B068567}.Release|x86.Build.0 = Release|x86
	EndGlobalSection
	GlobalSection(SolutionProperties) = preSolution
		HideSolutionNode = FALSE
	EndGlobalSection
	GlobalSection(NestedProjects) = preSolution
		{BFC2C26D-CE77-4880-BE58-DB90D59D1968} = {F0E6928E-C29F-46E3-B96A-86D91987CAF8}
		{54745FE7-1914-4A2C-967D-F73912E66530} = {F0E6928E-C29F-46E3-B96A-86D91987CAF8}
		{12DF599B-29B3-44E6-AA5E-16C54B97E668} = {F0E6928E-C29F-46E3-B96A-86D91987CAF8}
		{DB4029EF-65C1-49D9-BCE8-9CE8D5A5CD4C} = {F0E6928E-C29F-46E3-B96A-86D91987CAF8}
		{16FF4F4C-2340-47B0-A50D-76EF24071E8B} = {F0E6928E-C29F-46E3-B96A-86D91987CAF8}
		{BAD41F32-2107-4B63-B7C4-E915AFE4AEEB} = {F0E6928E-C29F-46E3-B96A-86D91987CAF8}
		{08B57D00-9C19-4C5F-8106-F67A538D61A2} = {F0E6928E-C29F-46E3-B96A-86D91987CAF8}
		{F5ADD995-CE81-4187-8C6F-9EA8EFD43E01} = {2DF9426A-67DE-4EE1-A32A-DC2EA4DBC182}
		{F5D6F43B-2DA6-44BC-883A-A8DBC16FF977} = {2DF9426A-67DE-4EE1-A32A-DC2EA4DBC182}
		{E21B51D0-024F-4902-8D8C-59EAD5ECE9F7} = {2DF9426A-67DE-4EE1-A32A-DC2EA4DBC182}
		{81DCC77C-EB6B-4A93-A8A2-2D105F99CE12} = {2DF9426A-67DE-4EE1-A32A-DC2EA4DBC182}
		{876785BB-CEAB-4AEF-B836-11743FD6DC8B} = {2DF9426A-67DE-4EE1-A32A-DC2EA4DBC182}
		{17BBBA14-BB0B-43C0-8057-8DA4B73C614F} = {2DF9426A-67DE-4EE1-A32A-DC2EA4DBC182}
		{945830BA-B3BB-4F7A-A47A-7468D5317B2F} = {2DF9426A-67DE-4EE1-A32A-DC2EA4DBC182}
		{BBE527F4-C5A2-40F9-B8EF-2A961746D69E} = {2DF9426A-67DE-4EE1-A32A-DC2EA4DBC182}
		{D4F64BA7-F1ED-431C-8D4E-35C4094286EE} = {2DF9426A-67DE-4EE1-A32A-DC2EA4DBC182}
		{A65B7366-70A1-4350-87E7-5F5C56E49C6C} = {2DF9426A-67DE-4EE1-A32A-DC2EA4DBC182}
		{FC1EF39D-211F-4FBF-84ED-47225B068567} = {2DF9426A-67DE-4EE1-A32A-DC2EA4DBC182}
		{39731285-AAC4-4B1A-9FFB-C39EA7F20C41} = {258F330C-BE23-4A00-BA80-A9EC393F37A3}
		{5BF82832-2501-4626-9AF6-600007C42986} = {258F330C-BE23-4A00-BA80-A9EC393F37A3}
		{E9BD638D-FB3F-460D-BBE8-87CAC1AD7C37} = {258F330C-BE23-4A00-BA80-A9EC393F37A3}
		{F036C2F7-B584-42ED-AE74-C67B12275795} = {258F330C-BE23-4A00-BA80-A9EC393F37A3}
		{0F9F3736-7145-42F6-AE75-D54E75C92E66} = {258F330C-BE23-4A00-BA80-A9EC393F37A3}
	EndGlobalSection
EndGlobal
